
Microsoft Visual Studio Solution File, Format Version 12.00
# Visual Studio Version 17
VisualStudioVersion = 17.1.32319.34
MinimumVisualStudioVersion = 10.0.40219.1
Project("{9A19103F-16F7-4668-BE54-9A1E7A4F7556}") = "Restourant", "Restourant\Restourant.csproj", "{BAB7D584-1096-4F3B-AA40-A68A4019B48A}"
EndProject
Project("{9A19103F-16F7-4668-BE54-9A1E7A4F7556}") = "Restourant.Notifications", "Restourant.Notifications\Restourant.Notifications.csproj", "{63C417A5-5808-4F3E-BC2C-198C4A93556C}"
	ProjectSection(ProjectDependencies) = postProject
		{BAB7D584-1096-4F3B-AA40-A68A4019B48A} = {BAB7D584-1096-4F3B-AA40-A68A4019B48A}
	EndProjectSection
EndProject
Project("{9A19103F-16F7-4668-BE54-9A1E7A4F7556}") = "Messaging", "Messaging\Messaging.csproj", "{B3A1F25A-1593-4183-A8F7-39448D104CCD}"
EndProject
Project("{FAE04EC0-301F-11D3-BF4B-00C04F79EFBC}") = "Restaurant.Kitchen", "Restaurant.Kitchen\Restaurant.Kitchen.csproj", "{A759EF03-20AF-4034-8E41-A32A14580FD6}"
	ProjectSection(ProjectDependencies) = postProject
		{B3A1F25A-1593-4183-A8F7-39448D104CCD} = {B3A1F25A-1593-4183-A8F7-39448D104CCD}
	EndProjectSection
EndProject
Global
	GlobalSection(SolutionConfigurationPlatforms) = preSolution
		Debug|Any CPU = Debug|Any CPU
		Release|Any CPU = Release|Any CPU
	EndGlobalSection
	GlobalSection(ProjectConfigurationPlatforms) = postSolution
		{BAB7D584-1096-4F3B-AA40-A68A4019B48A}.Debug|Any CPU.ActiveCfg = Debug|Any CPU
		{BAB7D584-1096-4F3B-AA40-A68A4019B48A}.Debug|Any CPU.Build.0 = Debug|Any CPU
		{BAB7D584-1096-4F3B-AA40-A68A4019B48A}.Release|Any CPU.ActiveCfg = Release|Any CPU
		{BAB7D584-1096-4F3B-AA40-A68A4019B48A}.Release|Any CPU.Build.0 = Release|Any CPU
		{63C417A5-5808-4F3E-BC2C-198C4A93556C}.Debug|Any CPU.ActiveCfg = Debug|Any CPU
		{63C417A5-5808-4F3E-BC2C-198C4A93556C}.Debug|Any CPU.Build.0 = Debug|Any CPU
		{63C417A5-5808-4F3E-BC2C-198C4A93556C}.Release|Any CPU.ActiveCfg = Release|Any CPU
		{63C417A5-5808-4F3E-BC2C-198C4A93556C}.Release|Any CPU.Build.0 = Release|Any CPU
		{B3A1F25A-1593-4183-A8F7-39448D104CCD}.Debug|Any CPU.ActiveCfg = Debug|Any CPU
		{B3A1F25A-1593-4183-A8F7-39448D104CCD}.Debug|Any CPU.Build.0 = Debug|Any CPU
		{B3A1F25A-1593-4183-A8F7-39448D104CCD}.Release|Any CPU.ActiveCfg = Release|Any CPU
		{B3A1F25A-1593-4183-A8F7-39448D104CCD}.Release|Any CPU.Build.0 = Release|Any CPU
		{A759EF03-20AF-4034-8E41-A32A14580FD6}.Debug|Any CPU.ActiveCfg = Debug|Any CPU
		{A759EF03-20AF-4034-8E41-A32A14580FD6}.Debug|Any CPU.Build.0 = Debug|Any CPU
		{A759EF03-20AF-4034-8E41-A32A14580FD6}.Release|Any CPU.ActiveCfg = Release|Any CPU
		{A759EF03-20AF-4034-8E41-A32A14580FD6}.Release|Any CPU.Build.0 = Release|Any CPU
	EndGlobalSection
	GlobalSection(SolutionProperties) = preSolution
		HideSolutionNode = FALSE
	EndGlobalSection
	GlobalSection(ExtensibilityGlobals) = postSolution
		SolutionGuid = {847BEA0A-709A-43C2-A12D-C72717AB3A66}
	EndGlobalSection
EndGlobal
